
Microsoft Visual Studio Solution File, Format Version 12.00
# Visual Studio 15
VisualStudioVersion = 15.0.27130.0
MinimumVisualStudioVersion = 10.0.40219.1
Project("{FAE04EC0-301F-11D3-BF4B-00C04F79EFBC}") = "Files_Search_Project", "Files_Search_Project\Files_Search_Project.csproj", "{C4D9BD8E-D249-4768-B606-1BEB1CECCF63}"
EndProject
Project("{FAE04EC0-301F-11D3-BF4B-00C04F79EFBC}") = "BLL", "BLL\BLL.csproj", "{0E849073-178E-4EED-AF82-F589C49EE659}"
EndProject
Project("{FAE04EC0-301F-11D3-BF4B-00C04F79EFBC}") = "DAL", "DAL\DAL.csproj", "{54CDA1DF-D0C8-4DE1-B00F-CC1C21842D2A}"
EndProject
Global
	GlobalSection(SolutionConfigurationPlatforms) = preSolution
		Debug|Any CPU = Debug|Any CPU
		Release|Any CPU = Release|Any CPU
	EndGlobalSection
	GlobalSection(ProjectConfigurationPlatforms) = postSolution
		{C4D9BD8E-D249-4768-B606-1BEB1CECCF63}.Debug|Any CPU.ActiveCfg = Debug|Any CPU
		{C4D9BD8E-D249-4768-B606-1BEB1CECCF63}.Debug|Any CPU.Build.0 = Debug|Any CPU
		{C4D9BD8E-D249-4768-B606-1BEB1CECCF63}.Release|Any CPU.ActiveCfg = Release|Any CPU
		{C4D9BD8E-D249-4768-B606-1BEB1CECCF63}.Release|Any CPU.Build.0 = Release|Any CPU
		{0E849073-178E-4EED-AF82-F589C49EE659}.Debug|Any CPU.ActiveCfg = Debug|Any CPU
		{0E849073-178E-4EED-AF82-F589C49EE659}.Debug|Any CPU.Build.0 = Debug|Any CPU
		{0E849073-178E-4EED-AF82-F589C49EE659}.Release|Any CPU.ActiveCfg = Release|Any CPU
		{0E849073-178E-4EED-AF82-F589C49EE659}.Release|Any CPU.Build.0 = Release|Any CPU
		{54CDA1DF-D0C8-4DE1-B00F-CC1C21842D2A}.Debug|Any CPU.ActiveCfg = Debug|Any CPU
		{54CDA1DF-D0C8-4DE1-B00F-CC1C21842D2A}.Debug|Any CPU.Build.0 = Debug|Any CPU
		{54CDA1DF-D0C8-4DE1-B00F-CC1C21842D2A}.Release|Any CPU.ActiveCfg = Release|Any CPU
		{54CDA1DF-D0C8-4DE1-B00F-CC1C21842D2A}.Release|Any CPU.Build.0 = Release|Any CPU
	EndGlobalSection
	GlobalSection(SolutionProperties) = preSolution
		HideSolutionNode = FALSE
	EndGlobalSection
	GlobalSection(ExtensibilityGlobals) = postSolution
		SolutionGuid = {998F3D8D-FD5C-4AEC-A38C-031E44C93B74}
	EndGlobalSection
EndGlobal
